
Microsoft Visual Studio Solution File, Format Version 12.00
# Visual Studio Version 17
VisualStudioVersion = 17.8.34309.116
MinimumVisualStudioVersion = 10.0.40219.1
Project("{FAE04EC0-301F-11D3-BF4B-00C04F79EFBC}") = "TodoListAPI", "TodoListAPI\TodoListAPI.csproj", "{C5994729-1463-4F48-B362-1D488317D44B}"
EndProject
Global
	GlobalSection(SolutionConfigurationPlatforms) = preSolution
		Debug|Any CPU = Debug|Any CPU
		Release|Any CPU = Release|Any CPU
	EndGlobalSection
	GlobalSection(ProjectConfigurationPlatforms) = postSolution
		{C5994729-1463-4F48-B362-1D488317D44B}.Debug|Any CPU.ActiveCfg = Debug|Any CPU
		{C5994729-1463-4F48-B362-1D488317D44B}.Debug|Any CPU.Build.0 = Debug|Any CPU
		{C5994729-1463-4F48-B362-1D488317D44B}.Release|Any CPU.ActiveCfg = Release|Any CPU
		{C5994729-1463-4F48-B362-1D488317D44B}.Release|Any CPU.Build.0 = Release|Any CPU
	EndGlobalSection
	GlobalSection(SolutionProperties) = preSolution
		HideSolutionNode = FALSE
	EndGlobalSection
	GlobalSection(ExtensibilityGlobals) = postSolution
		SolutionGuid = {E8BCC954-919F-4B16-93C2-806C8A566777}
	EndGlobalSection
EndGlobal
